
Microsoft Visual Studio Solution File, Format Version 12.00
# Visual Studio Version 17
VisualStudioVersion = 17.9.34616.47
MinimumVisualStudioVersion = 10.0.40219.1
Project("{9A19103F-16F7-4668-BE54-9A1E7A4F7556}") = "MagicItems.API", "MagicItems.API\MagicItems.API.csproj", "{8D6DBDC3-C612-47F7-AF66-539ACE4DDE5C}"
EndProject
Project("{9A19103F-16F7-4668-BE54-9A1E7A4F7556}") = "MagicItems.Shared", "MagicItems.Shared\MagicItems.Shared.csproj", "{2BB8A3B5-0BD3-43AC-B076-BD3263EECD9D}"
EndProject
Project("{9A19103F-16F7-4668-BE54-9A1E7A4F7556}") = "MagicItems.UI", "MagicItems.UI\MagicItems.UI.csproj", "{3E6E0711-50B9-4941-ACDF-DCE8AD1B0C6A}"
	ProjectSection(ProjectDependencies) = postProject
		{2BB8A3B5-0BD3-43AC-B076-BD3263EECD9D} = {2BB8A3B5-0BD3-43AC-B076-BD3263EECD9D}
	EndProjectSection
EndProject
Global
	GlobalSection(SolutionConfigurationPlatforms) = preSolution
		Debug|Any CPU = Debug|Any CPU
		Release|Any CPU = Release|Any CPU
	EndGlobalSection
	GlobalSection(ProjectConfigurationPlatforms) = postSolution
		{8D6DBDC3-C612-47F7-AF66-539ACE4DDE5C}.Debug|Any CPU.ActiveCfg = Debug|Any CPU
		{8D6DBDC3-C612-47F7-AF66-539ACE4DDE5C}.Debug|Any CPU.Build.0 = Debug|Any CPU
		{8D6DBDC3-C612-47F7-AF66-539ACE4DDE5C}.Release|Any CPU.ActiveCfg = Release|Any CPU
		{8D6DBDC3-C612-47F7-AF66-539ACE4DDE5C}.Release|Any CPU.Build.0 = Release|Any CPU
		{2BB8A3B5-0BD3-43AC-B076-BD3263EECD9D}.Debug|Any CPU.ActiveCfg = Debug|Any CPU
		{2BB8A3B5-0BD3-43AC-B076-BD3263EECD9D}.Debug|Any CPU.Build.0 = Debug|Any CPU
		{2BB8A3B5-0BD3-43AC-B076-BD3263EECD9D}.Release|Any CPU.ActiveCfg = Release|Any CPU
		{2BB8A3B5-0BD3-43AC-B076-BD3263EECD9D}.Release|Any CPU.Build.0 = Release|Any CPU
		{3E6E0711-50B9-4941-ACDF-DCE8AD1B0C6A}.Debug|Any CPU.ActiveCfg = Debug|Any CPU
		{3E6E0711-50B9-4941-ACDF-DCE8AD1B0C6A}.Debug|Any CPU.Build.0 = Debug|Any CPU
		{3E6E0711-50B9-4941-ACDF-DCE8AD1B0C6A}.Release|Any CPU.ActiveCfg = Release|Any CPU
		{3E6E0711-50B9-4941-ACDF-DCE8AD1B0C6A}.Release|Any CPU.Build.0 = Release|Any CPU
	EndGlobalSection
	GlobalSection(SolutionProperties) = preSolution
		HideSolutionNode = FALSE
	EndGlobalSection
	GlobalSection(ExtensibilityGlobals) = postSolution
		SolutionGuid = {EE492336-3DEF-4DB8-9543-401424743D54}
	EndGlobalSection
EndGlobal
